
Microsoft Visual Studio Solution File, Format Version 12.00
# Visual Studio Version 16
VisualStudioVersion = 16.0.29911.84
MinimumVisualStudioVersion = 10.0.40219.1
Project("{FAE04EC0-301F-11D3-BF4B-00C04F79EFBC}") = "ClassroomManager.UWP", "ClassroomManager\ClassroomManager.UWP\ClassroomManager.UWP.csproj", "{7C3E0E73-FB26-4FE1-994B-20F7085EDFEF}"
EndProject
Project("{FAE04EC0-301F-11D3-BF4B-00C04F79EFBC}") = "ClassroomManager.Android", "ClassroomManager\ClassroomManager.Android\ClassroomManager.Android.csproj", "{E5E49E08-54B4-4A5F-94EB-9B952E5C7C92}"
EndProject
Project("{FAE04EC0-301F-11D3-BF4B-00C04F79EFBC}") = "ClassroomManager", "ClassroomManager\ClassroomManager\ClassroomManager.csproj", "{C5A75E54-3412-4875-BDAA-1E038D812CEA}"
EndProject
Project("{FAE04EC0-301F-11D3-BF4B-00C04F79EFBC}") = "Web", "Web\Web.csproj", "{974F2F37-CB74-41DA-8A2A-C03626185AE1}"
EndProject
Global
	GlobalSection(SolutionConfigurationPlatforms) = preSolution
		Debug|Any CPU = Debug|Any CPU
		Debug|ARM = Debug|ARM
		Debug|x64 = Debug|x64
		Debug|x86 = Debug|x86
		Release|Any CPU = Release|Any CPU
		Release|ARM = Release|ARM
		Release|x64 = Release|x64
		Release|x86 = Release|x86
		Web|Any CPU = Web|Any CPU
		Web|ARM = Web|ARM
		Web|x64 = Web|x64
		Web|x86 = Web|x86
	EndGlobalSection
	GlobalSection(ProjectConfigurationPlatforms) = postSolution
		{7C3E0E73-FB26-4FE1-994B-20F7085EDFEF}.Debug|Any CPU.ActiveCfg = Debug|x86
		{7C3E0E73-FB26-4FE1-994B-20F7085EDFEF}.Debug|Any CPU.Build.0 = Debug|x86
		{7C3E0E73-FB26-4FE1-994B-20F7085EDFEF}.Debug|Any CPU.Deploy.0 = Debug|x86
		{7C3E0E73-FB26-4FE1-994B-20F7085EDFEF}.Debug|ARM.ActiveCfg = Debug|ARM
		{7C3E0E73-FB26-4FE1-994B-20F7085EDFEF}.Debug|ARM.Build.0 = Debug|ARM
		{7C3E0E73-FB26-4FE1-994B-20F7085EDFEF}.Debug|ARM.Deploy.0 = Debug|ARM
		{7C3E0E73-FB26-4FE1-994B-20F7085EDFEF}.Debug|x64.ActiveCfg = Debug|x64
		{7C3E0E73-FB26-4FE1-994B-20F7085EDFEF}.Debug|x64.Build.0 = Debug|x64
		{7C3E0E73-FB26-4FE1-994B-20F7085EDFEF}.Debug|x64.Deploy.0 = Debug|x64
		{7C3E0E73-FB26-4FE1-994B-20F7085EDFEF}.Debug|x86.ActiveCfg = Debug|x86
		{7C3E0E73-FB26-4FE1-994B-20F7085EDFEF}.Debug|x86.Build.0 = Debug|x86
		{7C3E0E73-FB26-4FE1-994B-20F7085EDFEF}.Debug|x86.Deploy.0 = Debug|x86
		{7C3E0E73-FB26-4FE1-994B-20F7085EDFEF}.Release|Any CPU.ActiveCfg = Release|x86
		{7C3E0E73-FB26-4FE1-994B-20F7085EDFEF}.Release|Any CPU.Build.0 = Release|x86
		{7C3E0E73-FB26-4FE1-994B-20F7085EDFEF}.Release|Any CPU.Deploy.0 = Release|x86
		{7C3E0E73-FB26-4FE1-994B-20F7085EDFEF}.Release|ARM.ActiveCfg = Release|ARM
		{7C3E0E73-FB26-4FE1-994B-20F7085EDFEF}.Release|ARM.Build.0 = Release|ARM
		{7C3E0E73-FB26-4FE1-994B-20F7085EDFEF}.Release|ARM.Deploy.0 = Release|ARM
		{7C3E0E73-FB26-4FE1-994B-20F7085EDFEF}.Release|x64.ActiveCfg = Release|x64
		{7C3E0E73-FB26-4FE1-994B-20F7085EDFEF}.Release|x64.Build.0 = Release|x64
		{7C3E0E73-FB26-4FE1-994B-20F7085EDFEF}.Release|x64.Deploy.0 = Release|x64
		{7C3E0E73-FB26-4FE1-994B-20F7085EDFEF}.Release|x86.ActiveCfg = Release|x86
		{7C3E0E73-FB26-4FE1-994B-20F7085EDFEF}.Release|x86.Build.0 = Release|x86
		{7C3E0E73-FB26-4FE1-994B-20F7085EDFEF}.Release|x86.Deploy.0 = Release|x86
		{7C3E0E73-FB26-4FE1-994B-20F7085EDFEF}.Web|Any CPU.ActiveCfg = Web|x86
		{7C3E0E73-FB26-4FE1-994B-20F7085EDFEF}.Web|ARM.ActiveCfg = Web|ARM
		{7C3E0E73-FB26-4FE1-994B-20F7085EDFEF}.Web|ARM.Build.0 = Web|ARM
		{7C3E0E73-FB26-4FE1-994B-20F7085EDFEF}.Web|ARM.Deploy.0 = Web|ARM
		{7C3E0E73-FB26-4FE1-994B-20F7085EDFEF}.Web|x64.ActiveCfg = Web|x64
		{7C3E0E73-FB26-4FE1-994B-20F7085EDFEF}.Web|x64.Build.0 = Web|x64
		{7C3E0E73-FB26-4FE1-994B-20F7085EDFEF}.Web|x64.Deploy.0 = Web|x64
		{7C3E0E73-FB26-4FE1-994B-20F7085EDFEF}.Web|x86.ActiveCfg = Web|x86
		{E5E49E08-54B4-4A5F-94EB-9B952E5C7C92}.Debug|Any CPU.ActiveCfg = Debug|Any CPU
		{E5E49E08-54B4-4A5F-94EB-9B952E5C7C92}.Debug|Any CPU.Build.0 = Debug|Any CPU
		{E5E49E08-54B4-4A5F-94EB-9B952E5C7C92}.Debug|Any CPU.Deploy.0 = Debug|Any CPU
		{E5E49E08-54B4-4A5F-94EB-9B952E5C7C92}.Debug|ARM.ActiveCfg = Debug|Any CPU
		{E5E49E08-54B4-4A5F-94EB-9B952E5C7C92}.Debug|ARM.Build.0 = Debug|Any CPU
		{E5E49E08-54B4-4A5F-94EB-9B952E5C7C92}.Debug|ARM.Deploy.0 = Debug|Any CPU
		{E5E49E08-54B4-4A5F-94EB-9B952E5C7C92}.Debug|x64.ActiveCfg = Debug|Any CPU
		{E5E49E08-54B4-4A5F-94EB-9B952E5C7C92}.Debug|x64.Build.0 = Debug|Any CPU
		{E5E49E08-54B4-4A5F-94EB-9B952E5C7C92}.Debug|x64.Deploy.0 = Debug|Any CPU
		{E5E49E08-54B4-4A5F-94EB-9B952E5C7C92}.Debug|x86.ActiveCfg = Debug|Any CPU
		{E5E49E08-54B4-4A5F-94EB-9B952E5C7C92}.Debug|x86.Build.0 = Debug|Any CPU
		{E5E49E08-54B4-4A5F-94EB-9B952E5C7C92}.Debug|x86.Deploy.0 = Debug|Any CPU
		{E5E49E08-54B4-4A5F-94EB-9B952E5C7C92}.Release|Any CPU.ActiveCfg = Release|Any CPU
		{E5E49E08-54B4-4A5F-94EB-9B952E5C7C92}.Release|Any CPU.Build.0 = Release|Any CPU
		{E5E49E08-54B4-4A5F-94EB-9B952E5C7C92}.Release|Any CPU.Deploy.0 = Release|Any CPU
		{E5E49E08-54B4-4A5F-94EB-9B952E5C7C92}.Release|ARM.ActiveCfg = Release|Any CPU
		{E5E49E08-54B4-4A5F-94EB-9B952E5C7C92}.Release|ARM.Build.0 = Release|Any CPU
		{E5E49E08-54B4-4A5F-94EB-9B952E5C7C92}.Release|ARM.Deploy.0 = Release|Any CPU
		{E5E49E08-54B4-4A5F-94EB-9B952E5C7C92}.Release|x64.ActiveCfg = Release|Any CPU
		{E5E49E08-54B4-4A5F-94EB-9B952E5C7C92}.Release|x64.Build.0 = Release|Any CPU
		{E5E49E08-54B4-4A5F-94EB-9B952E5C7C92}.Release|x64.Deploy.0 = Release|Any CPU
		{E5E49E08-54B4-4A5F-94EB-9B952E5C7C92}.Release|x86.ActiveCfg = Release|Any CPU
		{E5E49E08-54B4-4A5F-94EB-9B952E5C7C92}.Release|x86.Build.0 = Release|Any CPU
		{E5E49E08-54B4-4A5F-94EB-9B952E5C7C92}.Release|x86.Deploy.0 = Release|Any CPU
		{E5E49E08-54B4-4A5F-94EB-9B952E5C7C92}.Web|Any CPU.ActiveCfg = Web|Any CPU
		{E5E49E08-54B4-4A5F-94EB-9B952E5C7C92}.Web|Any CPU.Build.0 = Web|Any CPU
		{E5E49E08-54B4-4A5F-94EB-9B952E5C7C92}.Web|Any CPU.Deploy.0 = Web|Any CPU
		{E5E49E08-54B4-4A5F-94EB-9B952E5C7C92}.Web|ARM.ActiveCfg = Web|Any CPU
		{E5E49E08-54B4-4A5F-94EB-9B952E5C7C92}.Web|ARM.Build.0 = Web|Any CPU
		{E5E49E08-54B4-4A5F-94EB-9B952E5C7C92}.Web|ARM.Deploy.0 = Web|Any CPU
		{E5E49E08-54B4-4A5F-94EB-9B952E5C7C92}.Web|x64.ActiveCfg = Web|Any CPU
		{E5E49E08-54B4-4A5F-94EB-9B952E5C7C92}.Web|x64.Build.0 = Web|Any CPU
		{E5E49E08-54B4-4A5F-94EB-9B952E5C7C92}.Web|x64.Deploy.0 = Web|Any CPU
		{E5E49E08-54B4-4A5F-94EB-9B952E5C7C92}.Web|x86.ActiveCfg = Web|Any CPU
		{C5A75E54-3412-4875-BDAA-1E038D812CEA}.Debug|Any CPU.ActiveCfg = Debug|Any CPU
		{C5A75E54-3412-4875-BDAA-1E038D812CEA}.Debug|Any CPU.Build.0 = Debug|Any CPU
		{C5A75E54-3412-4875-BDAA-1E038D812CEA}.Debug|Any CPU.Deploy.0 = Debug|Any CPU
		{C5A75E54-3412-4875-BDAA-1E038D812CEA}.Debug|ARM.ActiveCfg = Debug|Any CPU
		{C5A75E54-3412-4875-BDAA-1E038D812CEA}.Debug|ARM.Build.0 = Debug|Any CPU
		{C5A75E54-3412-4875-BDAA-1E038D812CEA}.Debug|ARM.Deploy.0 = Debug|Any CPU
		{C5A75E54-3412-4875-BDAA-1E038D812CEA}.Debug|x64.ActiveCfg = Debug|Any CPU
		{C5A75E54-3412-4875-BDAA-1E038D812CEA}.Debug|x64.Build.0 = Debug|Any CPU
		{C5A75E54-3412-4875-BDAA-1E038D812CEA}.Debug|x64.Deploy.0 = Debug|Any CPU
		{C5A75E54-3412-4875-BDAA-1E038D812CEA}.Debug|x86.ActiveCfg = Debug|Any CPU
		{C5A75E54-3412-4875-BDAA-1E038D812CEA}.Debug|x86.Build.0 = Debug|Any CPU
		{C5A75E54-3412-4875-BDAA-1E038D812CEA}.Debug|x86.Deploy.0 = Debug|Any CPU
		{C5A75E54-3412-4875-BDAA-1E038D812CEA}.Release|Any CPU.ActiveCfg = Release|Any CPU
		{C5A75E54-3412-4875-BDAA-1E038D812CEA}.Release|Any CPU.Build.0 = Release|Any CPU
		{C5A75E54-3412-4875-BDAA-1E038D812CEA}.Release|Any CPU.Deploy.0 = Release|Any CPU
		{C5A75E54-3412-4875-BDAA-1E038D812CEA}.Release|ARM.ActiveCfg = Release|Any CPU
		{C5A75E54-3412-4875-BDAA-1E038D812CEA}.Release|ARM.Build.0 = Release|Any CPU
		{C5A75E54-3412-4875-BDAA-1E038D812CEA}.Release|ARM.Deploy.0 = Release|Any CPU
		{C5A75E54-3412-4875-BDAA-1E038D812CEA}.Release|x64.ActiveCfg = Release|Any CPU
		{C5A75E54-3412-4875-BDAA-1E038D812CEA}.Release|x64.Build.0 = Release|Any CPU
		{C5A75E54-3412-4875-BDAA-1E038D812CEA}.Release|x64.Deploy.0 = Release|Any CPU
		{C5A75E54-3412-4875-BDAA-1E038D812CEA}.Release|x86.ActiveCfg = Release|Any CPU
		{C5A75E54-3412-4875-BDAA-1E038D812CEA}.Release|x86.Build.0 = Release|Any CPU
		{C5A75E54-3412-4875-BDAA-1E038D812CEA}.Release|x86.Deploy.0 = Release|Any CPU
		{C5A75E54-3412-4875-BDAA-1E038D812CEA}.Web|Any CPU.ActiveCfg = Web|Any CPU
		{C5A75E54-3412-4875-BDAA-1E038D812CEA}.Web|Any CPU.Build.0 = Web|Any CPU
		{C5A75E54-3412-4875-BDAA-1E038D812CEA}.Web|ARM.ActiveCfg = Web|Any CPU
		{C5A75E54-3412-4875-BDAA-1E038D812CEA}.Web|ARM.Build.0 = Web|Any CPU
		{C5A75E54-3412-4875-BDAA-1E038D812CEA}.Web|x64.ActiveCfg = Web|Any CPU
		{C5A75E54-3412-4875-BDAA-1E038D812CEA}.Web|x64.Build.0 = Web|Any CPU
		{C5A75E54-3412-4875-BDAA-1E038D812CEA}.Web|x86.ActiveCfg = Web|Any CPU
		{974F2F37-CB74-41DA-8A2A-C03626185AE1}.Debug|Any CPU.ActiveCfg = Debug|Any CPU
		{974F2F37-CB74-41DA-8A2A-C03626185AE1}.Debug|Any CPU.Build.0 = Debug|Any CPU
		{974F2F37-CB74-41DA-8A2A-C03626185AE1}.Debug|ARM.ActiveCfg = Debug|Any CPU
		{974F2F37-CB74-41DA-8A2A-C03626185AE1}.Debug|ARM.Build.0 = Debug|Any CPU
		{974F2F37-CB74-41DA-8A2A-C03626185AE1}.Debug|x64.ActiveCfg = Debug|Any CPU
		{974F2F37-CB74-41DA-8A2A-C03626185AE1}.Debug|x64.Build.0 = Debug|Any CPU
		{974F2F37-CB74-41DA-8A2A-C03626185AE1}.Debug|x86.ActiveCfg = Debug|Any CPU
		{974F2F37-CB74-41DA-8A2A-C03626185AE1}.Debug|x86.Build.0 = Debug|Any CPU
		{974F2F37-CB74-41DA-8A2A-C03626185AE1}.Release|Any CPU.ActiveCfg = Release|Any CPU
		{974F2F37-CB74-41DA-8A2A-C03626185AE1}.Release|Any CPU.Build.0 = Release|Any CPU
		{974F2F37-CB74-41DA-8A2A-C03626185AE1}.Release|ARM.ActiveCfg = Release|Any CPU
		{974F2F37-CB74-41DA-8A2A-C03626185AE1}.Release|ARM.Build.0 = Release|Any CPU
		{974F2F37-CB74-41DA-8A2A-C03626185AE1}.Release|x64.ActiveCfg = Release|Any CPU
		{974F2F37-CB74-41DA-8A2A-C03626185AE1}.Release|x64.Build.0 = Release|Any CPU
		{974F2F37-CB74-41DA-8A2A-C03626185AE1}.Release|x86.ActiveCfg = Release|Any CPU
		{974F2F37-CB74-41DA-8A2A-C03626185AE1}.Release|x86.Build.0 = Release|Any CPU
		{974F2F37-CB74-41DA-8A2A-C03626185AE1}.Web|Any CPU.ActiveCfg = Web|Any CPU
		{974F2F37-CB74-41DA-8A2A-C03626185AE1}.Web|Any CPU.Build.0 = Web|Any CPU
		{974F2F37-CB74-41DA-8A2A-C03626185AE1}.Web|ARM.ActiveCfg = Web|Any CPU
		{974F2F37-CB74-41DA-8A2A-C03626185AE1}.Web|ARM.Build.0 = Web|Any CPU
		{974F2F37-CB74-41DA-8A2A-C03626185AE1}.Web|x64.ActiveCfg = Web|Any CPU
		{974F2F37-CB74-41DA-8A2A-C03626185AE1}.Web|x64.Build.0 = Web|Any CPU
		{974F2F37-CB74-41DA-8A2A-C03626185AE1}.Web|x86.ActiveCfg = Web|Any CPU
		{974F2F37-CB74-41DA-8A2A-C03626185AE1}.Web|x86.Build.0 = Web|Any CPU
	EndGlobalSection
	GlobalSection(SolutionProperties) = preSolution
		HideSolutionNode = FALSE
	EndGlobalSection
	GlobalSection(ExtensibilityGlobals) = postSolution
		SolutionGuid = {0C87C2B6-45AC-4151-B149-0D68D526FDD2}
	EndGlobalSection
EndGlobal
